// !$*UTF8*$!
{
	archiveVersion = 1;
	classes = {
	};
	objectVersion = 48;
	objects = {

/* Begin PBXBuildFile section */
		30877C1D2091ECCB0070C255 /* AppDelegate.swift in Sources */ = {isa = PBXBuildFile; fileRef = 30877C1C2091ECCB0070C255 /* AppDelegate.swift */; };
		30877C1F2091ECCB0070C255 /* ViewController.swift in Sources */ = {isa = PBXBuildFile; fileRef = 30877C1E2091ECCB0070C255 /* ViewController.swift */; };
		30877C222091ECCB0070C255 /* Main.storyboard in Resources */ = {isa = PBXBuildFile; fileRef = 30877C202091ECCB0070C255 /* Main.storyboard */; };
		30877C242091ECCB0070C255 /* Assets.xcassets in Resources */ = {isa = PBXBuildFile; fileRef = 30877C232091ECCB0070C255 /* Assets.xcassets */; };
		30877C272091ECCB0070C255 /* LaunchScreen.storyboard in Resources */ = {isa = PBXBuildFile; fileRef = 30877C252091ECCB0070C255 /* LaunchScreen.storyboard */; };
		30877C2F2091ED320070C255 /* APiHandler.swift in Sources */ = {isa = PBXBuildFile; fileRef = 30877C2E2091ED320070C255 /* APiHandler.swift */; };
		30877C312091ED870070C255 /* Instructor.swift in Sources */ = {isa = PBXBuildFile; fileRef = 30877C302091ED870070C255 /* Instructor.swift */; };
		3674D202063CE43002811349 /* Pods_APIDemo.framework in Frameworks */ = {isa = PBXBuildFile; fileRef = F03E877D89F270F40B86A870 /* Pods_APIDemo.framework */; };
		8D50104920973B2600189C3A /* SavingViewController.swift in Sources */ = {isa = PBXBuildFile; fileRef = 8D50104820973B2600189C3A /* SavingViewController.swift */; };
		8DF8A95920931F390063E2F4 /* TableViewCellFirst.swift in Sources */ = {isa = PBXBuildFile; fileRef = 8DF8A95820931F390063E2F4 /* TableViewCellFirst.swift */; };
/* End PBXBuildFile section */

/* Begin PBXFileReference section */
		30877C192091ECCB0070C255 /* APIDemo.app */ = {isa = PBXFileReference; explicitFileType = wrapper.application; includeInIndex = 0; path = APIDemo.app; sourceTree = BUILT_PRODUCTS_DIR; };
		30877C1C2091ECCB0070C255 /* AppDelegate.swift */ = {isa = PBXFileReference; lastKnownFileType = sourcecode.swift; path = AppDelegate.swift; sourceTree = "<group>"; };
		30877C1E2091ECCB0070C255 /* ViewController.swift */ = {isa = PBXFileReference; lastKnownFileType = sourcecode.swift; path = ViewController.swift; sourceTree = "<group>"; };
		30877C212091ECCB0070C255 /* Base */ = {isa = PBXFileReference; lastKnownFileType = file.storyboard; name = Base; path = Base.lproj/Main.storyboard; sourceTree = "<group>"; };
		30877C232091ECCB0070C255 /* Assets.xcassets */ = {isa = PBXFileReference; lastKnownFileType = folder.assetcatalog; path = Assets.xcassets; sourceTree = "<group>"; };
		30877C262091ECCB0070C255 /* Base */ = {isa = PBXFileReference; lastKnownFileType = file.storyboard; name = Base; path = Base.lproj/LaunchScreen.storyboard; sourceTree = "<group>"; };
		30877C282091ECCB0070C255 /* Info.plist */ = {isa = PBXFileReference; lastKnownFileType = text.plist.xml; path = Info.plist; sourceTree = "<group>"; };
		30877C2E2091ED320070C255 /* APiHandler.swift */ = {isa = PBXFileReference; fileEncoding = 4; lastKnownFileType = sourcecode.swift; path = APiHandler.swift; sourceTree = "<group>"; };
		30877C302091ED870070C255 /* Instructor.swift */ = {isa = PBXFileReference; lastKnownFileType = sourcecode.swift; path = Instructor.swift; sourceTree = "<group>"; };
		4B963839D910E27BDAD3123A /* Pods-APIDemo.debug.xcconfig */ = {isa = PBXFileReference; includeInIndex = 1; lastKnownFileType = text.xcconfig; name = "Pods-APIDemo.debug.xcconfig"; path = "Pods/Target Support Files/Pods-APIDemo/Pods-APIDemo.debug.xcconfig"; sourceTree = "<group>"; };
		8A422FD547DFBBCB0BDE3934 /* Pods-APIDemo.release.xcconfig */ = {isa = PBXFileReference; includeInIndex = 1; lastKnownFileType = text.xcconfig; name = "Pods-APIDemo.release.xcconfig"; path = "Pods/Target Support Files/Pods-APIDemo/Pods-APIDemo.release.xcconfig"; sourceTree = "<group>"; };
		8D50104820973B2600189C3A /* SavingViewController.swift */ = {isa = PBXFileReference; lastKnownFileType = sourcecode.swift; path = SavingViewController.swift; sourceTree = "<group>"; };
		8DF8A95820931F390063E2F4 /* TableViewCellFirst.swift */ = {isa = PBXFileReference; lastKnownFileType = sourcecode.swift; path = TableViewCellFirst.swift; sourceTree = "<group>"; };
		F03E877D89F270F40B86A870 /* Pods_APIDemo.framework */ = {isa = PBXFileReference; explicitFileType = wrapper.framework; includeInIndex = 0; path = Pods_APIDemo.framework; sourceTree = BUILT_PRODUCTS_DIR; };
/* End PBXFileReference section */

/* Begin PBXFrameworksBuildPhase section */
		30877C162091ECCB0070C255 /* Frameworks */ = {
			isa = PBXFrameworksBuildPhase;
			buildActionMask = 2147483647;
			files = (
				3674D202063CE43002811349 /* Pods_APIDemo.framework in Frameworks */,
			);
			runOnlyForDeploymentPostprocessing = 0;
		};
/* End PBXFrameworksBuildPhase section */

/* Begin PBXGroup section */
		1FF2B51DFCA3D5DAC4D4EA23 /* Pods */ = {
			isa = PBXGroup;
			children = (
				4B963839D910E27BDAD3123A /* Pods-APIDemo.debug.xcconfig */,
				8A422FD547DFBBCB0BDE3934 /* Pods-APIDemo.release.xcconfig */,
			);
			name = Pods;
			sourceTree = "<group>";
		};
		30877C102091ECCB0070C255 = {
			isa = PBXGroup;
			children = (
				30877C1B2091ECCB0070C255 /* APIDemo */,
				30877C1A2091ECCB0070C255 /* Products */,
				1FF2B51DFCA3D5DAC4D4EA23 /* Pods */,
				FE0C3F72C88F82241C6AADC1 /* Frameworks */,
			);
			sourceTree = "<group>";
		};
		30877C1A2091ECCB0070C255 /* Products */ = {
			isa = PBXGroup;
			children = (
				30877C192091ECCB0070C255 /* APIDemo.app */,
			);
			name = Products;
			sourceTree = "<group>";
		};
		30877C1B2091ECCB0070C255 /* APIDemo */ = {
			isa = PBXGroup;
			children = (
				30877C1C2091ECCB0070C255 /* AppDelegate.swift */,
				30877C2E2091ED320070C255 /* APiHandler.swift */,
				30877C1E2091ECCB0070C255 /* ViewController.swift */,
				8DF8A95820931F390063E2F4 /* TableViewCellFirst.swift */,
				30877C302091ED870070C255 /* Instructor.swift */,
				8D50104820973B2600189C3A /* SavingViewController.swift */,
				30877C202091ECCB0070C255 /* Main.storyboard */,
				30877C232091ECCB0070C255 /* Assets.xcassets */,
				30877C252091ECCB0070C255 /* LaunchScreen.storyboard */,
				30877C282091ECCB0070C255 /* Info.plist */,
			);
			path = APIDemo;
			sourceTree = "<group>";
		};
		FE0C3F72C88F82241C6AADC1 /* Frameworks */ = {
			isa = PBXGroup;
			children = (
				F03E877D89F270F40B86A870 /* Pods_APIDemo.framework */,
			);
			name = Frameworks;
			sourceTree = "<group>";
		};
/* End PBXGroup section */

/* Begin PBXNativeTarget section */
		30877C182091ECCB0070C255 /* APIDemo */ = {
			isa = PBXNativeTarget;
			buildConfigurationList = 30877C2B2091ECCB0070C255 /* Build configuration list for PBXNativeTarget "APIDemo" */;
			buildPhases = (
				568ACE3F2B75856E14E5B056 /* [CP] Check Pods Manifest.lock */,
				30877C152091ECCB0070C255 /* Sources */,
				30877C162091ECCB0070C255 /* Frameworks */,
				30877C172091ECCB0070C255 /* Resources */,
				53D146D853FBBF41E35D95A2 /* [CP] Embed Pods Frameworks */,
				3706A229712D8B39922E8BED /* [CP] Copy Pods Resources */,
			);
			buildRules = (
			);
			dependencies = (
			);
			name = APIDemo;
			productName = APIDemo;
			productReference = 30877C192091ECCB0070C255 /* APIDemo.app */;
			productType = "com.apple.product-type.application";
		};
/* End PBXNativeTarget section */

/* Begin PBXProject section */
		30877C112091ECCB0070C255 /* Project object */ = {
			isa = PBXProject;
			attributes = {
				LastSwiftUpdateCheck = 0920;
				LastUpgradeCheck = 0920;
				ORGANIZATIONNAME = "Atirek Sharma";
				TargetAttributes = {
					30877C182091ECCB0070C255 = {
						CreatedOnToolsVersion = 9.2;
						ProvisioningStyle = Automatic;
					};
				};
			};
			buildConfigurationList = 30877C142091ECCB0070C255 /* Build configuration list for PBXProject "APIDemo" */;
			compatibilityVersion = "Xcode 8.0";
			developmentRegion = en;
			hasScannedForEncodings = 0;
			knownRegions = (
				en,
				Base,
			);
			mainGroup = 30877C102091ECCB0070C255;
			productRefGroup = 30877C1A2091ECCB0070C255 /* Products */;
			projectDirPath = "";
			projectRoot = "";
			targets = (
				30877C182091ECCB0070C255 /* APIDemo */,
			);
		};
/* End PBXProject section */

/* Begin PBXResourcesBuildPhase section */
		30877C172091ECCB0070C255 /* Resources */ = {
			isa = PBXResourcesBuildPhase;
			buildActionMask = 2147483647;
			files = (
				30877C272091ECCB0070C255 /* LaunchScreen.storyboard in Resources */,
				30877C242091ECCB0070C255 /* Assets.xcassets in Resources */,
				30877C222091ECCB0070C255 /* Main.storyboard in Resources */,
			);
			runOnlyForDeploymentPostprocessing = 0;
		};
/* End PBXResourcesBuildPhase section */

/* Begin PBXShellScriptBuildPhase section */
		3706A229712D8B39922E8BED /* [CP] Copy Pods Resources */ = {
			isa = PBXShellScriptBuildPhase;
			buildActionMask = 2147483647;
			files = (
			);
			inputPaths = (
			);
			name = "[CP] Copy Pods Resources";
			outputPaths = (
			);
			runOnlyForDeploymentPostprocessing = 0;
			shellPath = /bin/sh;
			shellScript = "\"${SRCROOT}/Pods/Target Support Files/Pods-APIDemo/Pods-APIDemo-resources.sh\"\n";
			showEnvVarsInLog = 0;
		};
		53D146D853FBBF41E35D95A2 /* [CP] Embed Pods Frameworks */ = {
			isa = PBXShellScriptBuildPhase;
			buildActionMask = 2147483647;
			files = (
			);
			inputPaths = (
				"${SRCROOT}/Pods/Target Support Files/Pods-APIDemo/Pods-APIDemo-frameworks.sh",
				"${BUILT_PRODUCTS_DIR}/Alamofire/Alamofire.framework",
				"${BUILT_PRODUCTS_DIR}/MBProgressHUD/MBProgressHUD.framework",
				"${BUILT_PRODUCTS_DIR}/ObjectMapper/ObjectMapper.framework",
			);
			name = "[CP] Embed Pods Frameworks";
			outputPaths = (
				"${TARGET_BUILD_DIR}/${FRAMEWORKS_FOLDER_PATH}/Alamofire.framework",
				"${TARGET_BUILD_DIR}/${FRAMEWORKS_FOLDER_PATH}/MBProgressHUD.framework",
				"${TARGET_BUILD_DIR}/${FRAMEWORKS_FOLDER_PATH}/ObjectMapper.framework",
			);
			runOnlyForDeploymentPostprocessing = 0;
			shellPath = /bin/sh;
			shellScript = "\"${SRCROOT}/Pods/Target Support Files/Pods-APIDemo/Pods-APIDemo-frameworks.sh\"\n";
			showEnvVarsInLog = 0;
		};
		568ACE3F2B75856E14E5B056 /* [CP] Check Pods Manifest.lock */ = {
			isa = PBXShellScriptBuildPhase;
			buildActionMask = 2147483647;
			files = (
			);
			inputPaths = (
				"${PODS_PODFILE_DIR_PATH}/Podfile.lock",
				"${PODS_ROOT}/Manifest.lock",
			);
			name = "[CP] Check Pods Manifest.lock";
			outputPaths = (
				"$(DERIVED_FILE_DIR)/Pods-APIDemo-checkManifestLockResult.txt",
			);
			runOnlyForDeploymentPostprocessing = 0;
			shellPath = /bin/sh;
			shellScript = "diff \"${PODS_PODFILE_DIR_PATH}/Podfile.lock\" \"${PODS_ROOT}/Manifest.lock\" > /dev/null\nif [ $? != 0 ] ; then\n    # print error to STDERR\n    echo \"error: The sandbox is not in sync with the Podfile.lock. Run 'pod install' or update your CocoaPods installation.\" >&2\n    exit 1\nfi\n# This output is used by Xcode 'outputs' to avoid re-running this script phase.\necho \"SUCCESS\" > \"${SCRIPT_OUTPUT_FILE_0}\"\n";
			showEnvVarsInLog = 0;
		};
/* End PBXShellScriptBuildPhase section */

/* Begin PBXSourcesBuildPhase section */
		30877C152091ECCB0070C255 /* Sources */ = {
			isa = PBXSourcesBuildPhase;
			buildActionMask = 2147483647;
			files = (
				30877C312091ED870070C255 /* Instructor.swift in Sources */,
				8DF8A95920931F390063E2F4 /* TableViewCellFirst.swift in Sources */,
				8D50104920973B2600189C3A /* SavingViewController.swift in Sources */,
				30877C1F2091ECCB0070C255 /* ViewController.swift in Sources */,
				30877C2F2091ED320070C255 /* APiHandler.swift in Sources */,
				30877C1D2091ECCB0070C255 /* AppDelegate.swift in Sources */,
			);
			runOnlyForDeploymentPostprocessing = 0;
		};
/* End PBXSourcesBuildPhase section */

/* Begin PBXVariantGroup section */
		30877C202091ECCB0070C255 /* Main.storyboard */ = {
			isa = PBXVariantGroup;
			children = (
				30877C212091ECCB0070C255 /* Base */,
			);
			name = Main.storyboard;
			sourceTree = "<group>";
		};
		30877C252091ECCB0070C255 /* LaunchScreen.storyboard */ = {
			isa = PBXVariantGroup;
			children = (
				30877C262091ECCB0070C255 /* Base */,
			);
			name = LaunchScreen.storyboard;
			sourceTree = "<group>";
		};
/* End PBXVariantGroup section */

/* Begin XCBuildConfiguration section */
		30877C292091ECCB0070C255 /* Debug */ = {
			isa = XCBuildConfiguration;
			buildSettings = {
				ALWAYS_SEARCH_USER_PATHS = NO;
				CLANG_ANALYZER_NONNULL = YES;
				CLANG_ANALYZER_NUMBER_OBJECT_CONVERSION = YES_AGGRESSIVE;
				CLANG_CXX_LANGUAGE_STANDARD = "gnu++14";
				CLANG_CXX_LIBRARY = "libc++";
				CLANG_ENABLE_MODULES = YES;
				CLANG_ENABLE_OBJC_ARC = YES;
				CLANG_WARN_BLOCK_CAPTURE_AUTORELEASING = YES;
				CLANG_WARN_BOOL_CONVERSION = YES;
				CLANG_WARN_COMMA = YES;
				CLANG_WARN_CONSTANT_CONVERSION = YES;
				CLANG_WARN_DIRECT_OBJC_ISA_USAGE = YES_ERROR;
				CLANG_WARN_DOCUMENTATION_COMMENTS = YES;
				CLANG_WARN_EMPTY_BODY = YES;
				CLANG_WARN_ENUM_CONVERSION = YES;
				CLANG_WARN_INFINITE_RECURSION = YES;
				CLANG_WARN_INT_CONVERSION = YES;
				CLANG_WARN_NON_LITERAL_NULL_CONVERSION = YES;
				CLANG_WARN_OBJC_LITERAL_CONVERSION = YES;
				CLANG_WARN_OBJC_ROOT_CLASS = YES_ERROR;
				CLANG_WARN_RANGE_LOOP_ANALYSIS = YES;
				CLANG_WARN_STRICT_PROTOTYPES = YES;
				CLANG_WARN_SUSPICIOUS_MOVE = YES;
				CLANG_WARN_UNGUARDED_AVAILABILITY = YES_AGGRESSIVE;
				CLANG_WARN_UNREACHABLE_CODE = YES;
				CLANG_WARN__DUPLICATE_METHOD_MATCH = YES;
				CODE_SIGN_IDENTITY = "iPhone Developer";
				COPY_PHASE_STRIP = NO;
				DEBUG_INFORMATION_FORMAT = dwarf;
				ENABLE_STRICT_OBJC_MSGSEND = YES;
				ENABLE_TESTABILITY = YES;
				GCC_C_LANGUAGE_STANDARD = gnu11;
				GCC_DYNAMIC_NO_PIC = NO;
				GCC_NO_COMMON_BLOCKS = YES;
				GCC_OPTIMIZATION_LEVEL = 0;
				GCC_PREPROCESSOR_DEFINITIONS = (
					"DEBUG=1",
					"$(inherited)",
				);
				GCC_WARN_64_TO_32_BIT_CONVERSION = YES;
				GCC_WARN_ABOUT_RETURN_TYPE = YES_ERROR;
				GCC_WARN_UNDECLARED_SELECTOR = YES;
				GCC_WARN_UNINITIALIZED_AUTOS = YES_AGGRESSIVE;
				GCC_WARN_UNUSED_FUNCTION = YES;
				GCC_WARN_UNUSED_VARIABLE = YES;
				IPHONEOS_DEPLOYMENT_TARGET = 11.2;
				MTL_ENABLE_DEBUG_INFO = YES;
				ONLY_ACTIVE_ARCH = YES;
				SDKROOT = iphoneos;
				SWIFT_ACTIVE_COMPILATION_CONDITIONS = DEBUG;
				SWIFT_OPTIMIZATION_LEVEL = "-Onone";
			};
			name = Debug;
		};
		30877C2A2091ECCB0070C255 /* Release */ = {
			isa = XCBuildConfiguration;
			buildSettings = {
				ALWAYS_SEARCH_USER_PATHS = NO;
				CLANG_ANALYZER_NONNULL = YES;
				CLANG_ANALYZER_NUMBER_OBJECT_CONVERSION = YES_AGGRESSIVE;
				CLANG_CXX_LANGUAGE_STANDARD = "gnu++14";
				CLANG_CXX_LIBRARY = "libc++";
				CLANG_ENABLE_MODULES = YES;
				CLANG_ENABLE_OBJC_ARC = YES;
				CLANG_WARN_BLOCK_CAPTURE_AUTORELEASING = YES;
				CLANG_WARN_BOOL_CONVERSION = YES;
				CLANG_WARN_COMMA = YES;
				CLANG_WARN_CONSTANT_CONVERSION = YES;
				CLANG_WARN_DIRECT_OBJC_ISA_USAGE = YES_ERROR;
				CLANG_WARN_DOCUMENTATION_COMMENTS = YES;
				CLANG_WARN_EMPTY_BODY = YES;
				CLANG_WARN_ENUM_CONVERSION = YES;
				CLANG_WARN_INFINITE_RECURSION = YES;
				CLANG_WARN_INT_CONVERSION = YES;
				CLANG_WARN_NON_LITERAL_NULL_CONVERSION = YES;
				CLANG_WARN_OBJC_LITERAL_CONVERSION = YES;
				CLANG_WARN_OBJC_ROOT_CLASS = YES_ERROR;
				CLANG_WARN_RANGE_LOOP_ANALYSIS = YES;
				CLANG_WARN_STRICT_PROTOTYPES = YES;
				CLANG_WARN_SUSPICIOUS_MOVE = YES;
				CLANG_WARN_UNGUARDED_AVAILABILITY = YES_AGGRESSIVE;
				CLANG_WARN_UNREACHABLE_CODE = YES;
				CLANG_WARN__DUPLICATE_METHOD_MATCH = YES;
				CODE_SIGN_IDENTITY = "iPhone Developer";
				COPY_PHASE_STRIP = NO;
				DEBUG_INFORMATION_FORMAT = "dwarf-with-dsym";
				ENABLE_NS_ASSERTIONS = NO;
				ENABLE_STRICT_OBJC_MSGSEND = YES;
				GCC_C_LANGUAGE_STANDARD = gnu11;
				GCC_NO_COMMON_BLOCKS = YES;
				GCC_WARN_64_TO_32_BIT_CONVERSION = YES;
				GCC_WARN_ABOUT_RETURN_TYPE = YES_ERROR;
				GCC_WARN_UNDECLARED_SELECTOR = YES;
				GCC_WARN_UNINITIALIZED_AUTOS = YES_AGGRESSIVE;
				GCC_WARN_UNUSED_FUNCTION = YES;
				GCC_WARN_UNUSED_VARIABLE = YES;
				IPHONEOS_DEPLOYMENT_TARGET = 11.2;
				MTL_ENABLE_DEBUG_INFO = NO;
				SDKROOT = iphoneos;
				SWIFT_OPTIMIZATION_LEVEL = "-Owholemodule";
				VALIDATE_PRODUCT = YES;
			};
			name = Release;
		};
		30877C2C2091ECCB0070C255 /* Debug */ = {
			isa = XCBuildConfiguration;
			baseConfigurationReference = 4B963839D910E27BDAD3123A /* Pods-APIDemo.debug.xcconfig */;
			buildSettings = {
				ASSETCATALOG_COMPILER_APPICON_NAME = AppIcon;
				CODE_SIGN_STYLE = Automatic;
				DEVELOPMENT_TEAM = YSH5ND479N;
				INFOPLIST_FILE = APIDemo/Info.plist;
				IPHONEOS_DEPLOYMENT_TARGET = 11.2;
				LD_RUNPATH_SEARCH_PATHS = "$(inherited) @executable_path/Frameworks";
				PRODUCT_BUNDLE_IDENTIFIER = com.app.APIDemo;
				PRODUCT_NAME = "$(TARGET_NAME)";
				SWIFT_VERSION = 4.0;
				TARGETED_DEVICE_FAMILY = "1,2";
			};
			name = Debug;
		};
		30877C2D2091ECCB0070C255 /* Release */ = {
			isa = XCBuildConfiguration;
			baseConfigurationReference = 8A422FD547DFBBCB0BDE3934 /* Pods-APIDemo.release.xcconfig */;
			buildSettings = {
				ASSETCATALOG_COMPILER_APPICON_NAME = AppIcon;
				CODE_SIGN_STYLE = Automatic;
				DEVELOPMENT_TEAM = YSH5ND479N;
				INFOPLIST_FILE = APIDemo/Info.plist;
				IPHONEOS_DEPLOYMENT_TARGET = 11.2;
				LD_RUNPATH_SEARCH_PATHS = "$(inherited) @executable_path/Frameworks";
				PRODUCT_BUNDLE_IDENTIFIER = com.app.APIDemo;
				PRODUCT_NAME = "$(TARGET_NAME)";
				SWIFT_VERSION = 4.0;
				TARGETED_DEVICE_FAMILY = "1,2";
			};
			name = Release;
		};
/* End XCBuildConfiguration section */

/* Begin XCConfigurationList section */
		30877C142091ECCB0070C255 /* Build configuration list for PBXProject "APIDemo" */ = {
			isa = XCConfigurationList;
			buildConfigurations = (
				30877C292091ECCB0070C255 /* Debug */,
				30877C2A2091ECCB0070C255 /* Release */,
			);
			defaultConfigurationIsVisible = 0;
			defaultConfigurationName = Release;
		};
		30877C2B2091ECCB0070C255 /* Build configuration list for PBXNativeTarget "APIDemo" */ = {
			isa = XCConfigurationList;
			buildConfigurations = (
				30877C2C2091ECCB0070C255 /* Debug */,
				30877C2D2091ECCB0070C255 /* Release */,
			);
			defaultConfigurationIsVisible = 0;
			defaultConfigurationName = Release;
		};
/* End XCConfigurationList section */
	};
	rootObject = 30877C112091ECCB0070C255 /* Project object */;
}
